
Microsoft Visual Studio Solution File, Format Version 12.00
# Visual Studio Version 16
VisualStudioVersion = 16.0.29709.97
MinimumVisualStudioVersion = 10.0.40219.1
Project("{9A19103F-16F7-4668-BE54-9A1E7A4F7556}") = "XFInAppBilling", "XFInAppBilling\XFInAppBilling.csproj", "{876211E4-4B82-4C15-8FC1-EBA4880BA694}"
EndProject
Project("{FAE04EC0-301F-11D3-BF4B-00C04F79EFBC}") = "XFInAppBilling.Tests.UWP", "XFInAppBilling.Tests\XFInAppBilling.Tests.UWP\XFInAppBilling.Tests.UWP.csproj", "{B211C9C9-E125-47BE-8319-84D1AAA3C1DE}"
EndProject
Project("{FAE04EC0-301F-11D3-BF4B-00C04F79EFBC}") = "XFInAppBilling.Tests.Android", "XFInAppBilling.Tests\XFInAppBilling.Tests.Android\XFInAppBilling.Tests.Android.csproj", "{1A989DCA-B19A-4B50-82D0-E3F0137B177B}"
EndProject
Project("{FAE04EC0-301F-11D3-BF4B-00C04F79EFBC}") = "XFInAppBilling.Tests.iOS", "XFInAppBilling.Tests\XFInAppBilling.Tests.iOS\XFInAppBilling.Tests.iOS.csproj", "{934E5726-F39D-4ABB-A306-623215681A36}"
EndProject
Project("{9A19103F-16F7-4668-BE54-9A1E7A4F7556}") = "XFInAppBilling.Tests", "XFInAppBilling.Tests\XFInAppBilling.Tests\XFInAppBilling.Tests.csproj", "{8FEA80A4-3A7E-49BB-91B9-1E213DFD34C4}"
EndProject
Project("{2150E333-8FDC-42A3-9474-1A3956D46DE8}") = "Tests", "Tests", "{C91F5475-FB44-48F2-A316-2505803DFBD7}"
EndProject
Project("{FAE04EC0-301F-11D3-BF4B-00C04F79EFBC}") = "XFInAppBilling.Tests.Amazon", "XFInAppBilling.Tests\XFInAppBilling.Tests.Amazon\XFInAppBilling.Tests.Amazon.csproj", "{63141932-1A70-43C5-892A-F8AFF12C7FDA}"
EndProject
Project("{2150E333-8FDC-42A3-9474-1A3956D46DE8}") = "Amazon", "Amazon", "{D63BE798-01D1-4F3B-87E1-DD737C496DD9}"
EndProject
Project("{FAE04EC0-301F-11D3-BF4B-00C04F79EFBC}") = "XFInAppBilling.Droid.Amazon", "XFInAppBilling.Droid.Amazon\XFInAppBilling.Droid.Amazon.csproj", "{CFF24E84-D140-4244-AFD8-6915D1E4FA15}"
EndProject
Project("{FAE04EC0-301F-11D3-BF4B-00C04F79EFBC}") = "XFInAppBilling.Amazon", "XFInAppBilling.Amazon\XFInAppBilling.Amazon.csproj", "{FD6E39A9-DC2C-4A98-8BA4-F6D3EB02AAEC}"
EndProject
Global
	GlobalSection(SolutionConfigurationPlatforms) = preSolution
		Debug|Any CPU = Debug|Any CPU
		Debug|ARM = Debug|ARM
		Debug|iPhone = Debug|iPhone
		Debug|iPhoneSimulator = Debug|iPhoneSimulator
		Debug|x64 = Debug|x64
		Debug|x86 = Debug|x86
		Release|Any CPU = Release|Any CPU
		Release|ARM = Release|ARM
		Release|iPhone = Release|iPhone
		Release|iPhoneSimulator = Release|iPhoneSimulator
		Release|x64 = Release|x64
		Release|x86 = Release|x86
	EndGlobalSection
	GlobalSection(ProjectConfigurationPlatforms) = postSolution
		{876211E4-4B82-4C15-8FC1-EBA4880BA694}.Debug|Any CPU.ActiveCfg = Debug|Any CPU
		{876211E4-4B82-4C15-8FC1-EBA4880BA694}.Debug|Any CPU.Build.0 = Debug|Any CPU
		{876211E4-4B82-4C15-8FC1-EBA4880BA694}.Debug|ARM.ActiveCfg = Debug|Any CPU
		{876211E4-4B82-4C15-8FC1-EBA4880BA694}.Debug|ARM.Build.0 = Debug|Any CPU
		{876211E4-4B82-4C15-8FC1-EBA4880BA694}.Debug|iPhone.ActiveCfg = Debug|Any CPU
		{876211E4-4B82-4C15-8FC1-EBA4880BA694}.Debug|iPhone.Build.0 = Debug|Any CPU
		{876211E4-4B82-4C15-8FC1-EBA4880BA694}.Debug|iPhoneSimulator.ActiveCfg = Debug|Any CPU
		{876211E4-4B82-4C15-8FC1-EBA4880BA694}.Debug|iPhoneSimulator.Build.0 = Debug|Any CPU
		{876211E4-4B82-4C15-8FC1-EBA4880BA694}.Debug|x64.ActiveCfg = Debug|Any CPU
		{876211E4-4B82-4C15-8FC1-EBA4880BA694}.Debug|x64.Build.0 = Debug|Any CPU
		{876211E4-4B82-4C15-8FC1-EBA4880BA694}.Debug|x86.ActiveCfg = Debug|Any CPU
		{876211E4-4B82-4C15-8FC1-EBA4880BA694}.Debug|x86.Build.0 = Debug|Any CPU
		{876211E4-4B82-4C15-8FC1-EBA4880BA694}.Release|Any CPU.ActiveCfg = Release|Any CPU
		{876211E4-4B82-4C15-8FC1-EBA4880BA694}.Release|Any CPU.Build.0 = Release|Any CPU
		{876211E4-4B82-4C15-8FC1-EBA4880BA694}.Release|ARM.ActiveCfg = Release|Any CPU
		{876211E4-4B82-4C15-8FC1-EBA4880BA694}.Release|ARM.Build.0 = Release|Any CPU
		{876211E4-4B82-4C15-8FC1-EBA4880BA694}.Release|iPhone.ActiveCfg = Release|Any CPU
		{876211E4-4B82-4C15-8FC1-EBA4880BA694}.Release|iPhone.Build.0 = Release|Any CPU
		{876211E4-4B82-4C15-8FC1-EBA4880BA694}.Release|iPhoneSimulator.ActiveCfg = Release|Any CPU
		{876211E4-4B82-4C15-8FC1-EBA4880BA694}.Release|iPhoneSimulator.Build.0 = Release|Any CPU
		{876211E4-4B82-4C15-8FC1-EBA4880BA694}.Release|x64.ActiveCfg = Release|Any CPU
		{876211E4-4B82-4C15-8FC1-EBA4880BA694}.Release|x64.Build.0 = Release|Any CPU
		{876211E4-4B82-4C15-8FC1-EBA4880BA694}.Release|x86.ActiveCfg = Release|Any CPU
		{876211E4-4B82-4C15-8FC1-EBA4880BA694}.Release|x86.Build.0 = Release|Any CPU
		{B211C9C9-E125-47BE-8319-84D1AAA3C1DE}.Debug|Any CPU.ActiveCfg = Debug|x86
		{B211C9C9-E125-47BE-8319-84D1AAA3C1DE}.Debug|ARM.ActiveCfg = Debug|ARM
		{B211C9C9-E125-47BE-8319-84D1AAA3C1DE}.Debug|ARM.Build.0 = Debug|ARM
		{B211C9C9-E125-47BE-8319-84D1AAA3C1DE}.Debug|ARM.Deploy.0 = Debug|ARM
		{B211C9C9-E125-47BE-8319-84D1AAA3C1DE}.Debug|iPhone.ActiveCfg = Debug|x86
		{B211C9C9-E125-47BE-8319-84D1AAA3C1DE}.Debug|iPhoneSimulator.ActiveCfg = Debug|x86
		{B211C9C9-E125-47BE-8319-84D1AAA3C1DE}.Debug|x64.ActiveCfg = Debug|x64
		{B211C9C9-E125-47BE-8319-84D1AAA3C1DE}.Debug|x64.Build.0 = Debug|x64
		{B211C9C9-E125-47BE-8319-84D1AAA3C1DE}.Debug|x64.Deploy.0 = Debug|x64
		{B211C9C9-E125-47BE-8319-84D1AAA3C1DE}.Debug|x86.ActiveCfg = Debug|x86
		{B211C9C9-E125-47BE-8319-84D1AAA3C1DE}.Debug|x86.Build.0 = Debug|x86
		{B211C9C9-E125-47BE-8319-84D1AAA3C1DE}.Debug|x86.Deploy.0 = Debug|x86
		{B211C9C9-E125-47BE-8319-84D1AAA3C1DE}.Release|Any CPU.ActiveCfg = Release|x86
		{B211C9C9-E125-47BE-8319-84D1AAA3C1DE}.Release|ARM.ActiveCfg = Release|ARM
		{B211C9C9-E125-47BE-8319-84D1AAA3C1DE}.Release|ARM.Build.0 = Release|ARM
		{B211C9C9-E125-47BE-8319-84D1AAA3C1DE}.Release|ARM.Deploy.0 = Release|ARM
		{B211C9C9-E125-47BE-8319-84D1AAA3C1DE}.Release|iPhone.ActiveCfg = Release|x86
		{B211C9C9-E125-47BE-8319-84D1AAA3C1DE}.Release|iPhoneSimulator.ActiveCfg = Release|x86
		{B211C9C9-E125-47BE-8319-84D1AAA3C1DE}.Release|x64.ActiveCfg = Release|x64
		{B211C9C9-E125-47BE-8319-84D1AAA3C1DE}.Release|x64.Build.0 = Release|x64
		{B211C9C9-E125-47BE-8319-84D1AAA3C1DE}.Release|x64.Deploy.0 = Release|x64
		{B211C9C9-E125-47BE-8319-84D1AAA3C1DE}.Release|x86.ActiveCfg = Release|x86
		{B211C9C9-E125-47BE-8319-84D1AAA3C1DE}.Release|x86.Build.0 = Release|x86
		{B211C9C9-E125-47BE-8319-84D1AAA3C1DE}.Release|x86.Deploy.0 = Release|x86
		{1A989DCA-B19A-4B50-82D0-E3F0137B177B}.Debug|Any CPU.ActiveCfg = Debug|Any CPU
		{1A989DCA-B19A-4B50-82D0-E3F0137B177B}.Debug|Any CPU.Build.0 = Debug|Any CPU
		{1A989DCA-B19A-4B50-82D0-E3F0137B177B}.Debug|Any CPU.Deploy.0 = Debug|Any CPU
		{1A989DCA-B19A-4B50-82D0-E3F0137B177B}.Debug|ARM.ActiveCfg = Debug|Any CPU
		{1A989DCA-B19A-4B50-82D0-E3F0137B177B}.Debug|ARM.Build.0 = Debug|Any CPU
		{1A989DCA-B19A-4B50-82D0-E3F0137B177B}.Debug|ARM.Deploy.0 = Debug|Any CPU
		{1A989DCA-B19A-4B50-82D0-E3F0137B177B}.Debug|iPhone.ActiveCfg = Debug|Any CPU
		{1A989DCA-B19A-4B50-82D0-E3F0137B177B}.Debug|iPhoneSimulator.ActiveCfg = Debug|Any CPU
		{1A989DCA-B19A-4B50-82D0-E3F0137B177B}.Debug|iPhoneSimulator.Build.0 = Debug|Any CPU
		{1A989DCA-B19A-4B50-82D0-E3F0137B177B}.Debug|iPhoneSimulator.Deploy.0 = Debug|Any CPU
		{1A989DCA-B19A-4B50-82D0-E3F0137B177B}.Debug|x64.ActiveCfg = Debug|Any CPU
		{1A989DCA-B19A-4B50-82D0-E3F0137B177B}.Debug|x64.Build.0 = Debug|Any CPU
		{1A989DCA-B19A-4B50-82D0-E3F0137B177B}.Debug|x64.Deploy.0 = Debug|Any CPU
		{1A989DCA-B19A-4B50-82D0-E3F0137B177B}.Debug|x86.ActiveCfg = Debug|Any CPU
		{1A989DCA-B19A-4B50-82D0-E3F0137B177B}.Release|Any CPU.ActiveCfg = Release|Any CPU
		{1A989DCA-B19A-4B50-82D0-E3F0137B177B}.Release|Any CPU.Build.0 = Release|Any CPU
		{1A989DCA-B19A-4B50-82D0-E3F0137B177B}.Release|Any CPU.Deploy.0 = Release|Any CPU
		{1A989DCA-B19A-4B50-82D0-E3F0137B177B}.Release|ARM.ActiveCfg = Release|Any CPU
		{1A989DCA-B19A-4B50-82D0-E3F0137B177B}.Release|ARM.Build.0 = Release|Any CPU
		{1A989DCA-B19A-4B50-82D0-E3F0137B177B}.Release|ARM.Deploy.0 = Release|Any CPU
		{1A989DCA-B19A-4B50-82D0-E3F0137B177B}.Release|iPhone.ActiveCfg = Release|Any CPU
		{1A989DCA-B19A-4B50-82D0-E3F0137B177B}.Release|iPhone.Build.0 = Release|Any CPU
		{1A989DCA-B19A-4B50-82D0-E3F0137B177B}.Release|iPhone.Deploy.0 = Release|Any CPU
		{1A989DCA-B19A-4B50-82D0-E3F0137B177B}.Release|iPhoneSimulator.ActiveCfg = Release|Any CPU
		{1A989DCA-B19A-4B50-82D0-E3F0137B177B}.Release|iPhoneSimulator.Build.0 = Release|Any CPU
		{1A989DCA-B19A-4B50-82D0-E3F0137B177B}.Release|iPhoneSimulator.Deploy.0 = Release|Any CPU
		{1A989DCA-B19A-4B50-82D0-E3F0137B177B}.Release|x64.ActiveCfg = Release|Any CPU
		{1A989DCA-B19A-4B50-82D0-E3F0137B177B}.Release|x64.Build.0 = Release|Any CPU
		{1A989DCA-B19A-4B50-82D0-E3F0137B177B}.Release|x64.Deploy.0 = Release|Any CPU
		{1A989DCA-B19A-4B50-82D0-E3F0137B177B}.Release|x86.ActiveCfg = Release|Any CPU
		{1A989DCA-B19A-4B50-82D0-E3F0137B177B}.Release|x86.Build.0 = Release|Any CPU
		{1A989DCA-B19A-4B50-82D0-E3F0137B177B}.Release|x86.Deploy.0 = Release|Any CPU
		{934E5726-F39D-4ABB-A306-623215681A36}.Debug|Any CPU.ActiveCfg = Debug|iPhone
		{934E5726-F39D-4ABB-A306-623215681A36}.Debug|ARM.ActiveCfg = Debug|iPhone
		{934E5726-F39D-4ABB-A306-623215681A36}.Debug|iPhone.ActiveCfg = Debug|iPhone
		{934E5726-F39D-4ABB-A306-623215681A36}.Debug|iPhone.Build.0 = Debug|iPhone
		{934E5726-F39D-4ABB-A306-623215681A36}.Debug|iPhoneSimulator.ActiveCfg = Debug|iPhoneSimulator
		{934E5726-F39D-4ABB-A306-623215681A36}.Debug|iPhoneSimulator.Build.0 = Debug|iPhoneSimulator
		{934E5726-F39D-4ABB-A306-623215681A36}.Debug|x64.ActiveCfg = Debug|iPhone
		{934E5726-F39D-4ABB-A306-623215681A36}.Debug|x86.ActiveCfg = Debug|iPhone
		{934E5726-F39D-4ABB-A306-623215681A36}.Release|Any CPU.ActiveCfg = Release|iPhone
		{934E5726-F39D-4ABB-A306-623215681A36}.Release|ARM.ActiveCfg = Release|iPhone
		{934E5726-F39D-4ABB-A306-623215681A36}.Release|iPhone.ActiveCfg = Release|iPhone
		{934E5726-F39D-4ABB-A306-623215681A36}.Release|iPhone.Build.0 = Release|iPhone
		{934E5726-F39D-4ABB-A306-623215681A36}.Release|iPhoneSimulator.ActiveCfg = Release|iPhoneSimulator
		{934E5726-F39D-4ABB-A306-623215681A36}.Release|iPhoneSimulator.Build.0 = Release|iPhoneSimulator
		{934E5726-F39D-4ABB-A306-623215681A36}.Release|x64.ActiveCfg = Release|iPhone
		{934E5726-F39D-4ABB-A306-623215681A36}.Release|x86.ActiveCfg = Release|iPhone
		{8FEA80A4-3A7E-49BB-91B9-1E213DFD34C4}.Debug|Any CPU.ActiveCfg = Debug|Any CPU
		{8FEA80A4-3A7E-49BB-91B9-1E213DFD34C4}.Debug|Any CPU.Build.0 = Debug|Any CPU
		{8FEA80A4-3A7E-49BB-91B9-1E213DFD34C4}.Debug|ARM.ActiveCfg = Debug|Any CPU
		{8FEA80A4-3A7E-49BB-91B9-1E213DFD34C4}.Debug|ARM.Build.0 = Debug|Any CPU
		{8FEA80A4-3A7E-49BB-91B9-1E213DFD34C4}.Debug|iPhone.ActiveCfg = Debug|Any CPU
		{8FEA80A4-3A7E-49BB-91B9-1E213DFD34C4}.Debug|iPhone.Build.0 = Debug|Any CPU
		{8FEA80A4-3A7E-49BB-91B9-1E213DFD34C4}.Debug|iPhoneSimulator.ActiveCfg = Debug|Any CPU
		{8FEA80A4-3A7E-49BB-91B9-1E213DFD34C4}.Debug|iPhoneSimulator.Build.0 = Debug|Any CPU
		{8FEA80A4-3A7E-49BB-91B9-1E213DFD34C4}.Debug|x64.ActiveCfg = Debug|Any CPU
		{8FEA80A4-3A7E-49BB-91B9-1E213DFD34C4}.Debug|x64.Build.0 = Debug|Any CPU
		{8FEA80A4-3A7E-49BB-91B9-1E213DFD34C4}.Debug|x86.ActiveCfg = Debug|Any CPU
		{8FEA80A4-3A7E-49BB-91B9-1E213DFD34C4}.Debug|x86.Build.0 = Debug|Any CPU
		{8FEA80A4-3A7E-49BB-91B9-1E213DFD34C4}.Release|Any CPU.ActiveCfg = Release|Any CPU
		{8FEA80A4-3A7E-49BB-91B9-1E213DFD34C4}.Release|Any CPU.Build.0 = Release|Any CPU
		{8FEA80A4-3A7E-49BB-91B9-1E213DFD34C4}.Release|ARM.ActiveCfg = Release|Any CPU
		{8FEA80A4-3A7E-49BB-91B9-1E213DFD34C4}.Release|ARM.Build.0 = Release|Any CPU
		{8FEA80A4-3A7E-49BB-91B9-1E213DFD34C4}.Release|iPhone.ActiveCfg = Release|Any CPU
		{8FEA80A4-3A7E-49BB-91B9-1E213DFD34C4}.Release|iPhone.Build.0 = Release|Any CPU
		{8FEA80A4-3A7E-49BB-91B9-1E213DFD34C4}.Release|iPhoneSimulator.ActiveCfg = Release|Any CPU
		{8FEA80A4-3A7E-49BB-91B9-1E213DFD34C4}.Release|iPhoneSimulator.Build.0 = Release|Any CPU
		{8FEA80A4-3A7E-49BB-91B9-1E213DFD34C4}.Release|x64.ActiveCfg = Release|Any CPU
		{8FEA80A4-3A7E-49BB-91B9-1E213DFD34C4}.Release|x64.Build.0 = Release|Any CPU
		{8FEA80A4-3A7E-49BB-91B9-1E213DFD34C4}.Release|x86.ActiveCfg = Release|Any CPU
		{8FEA80A4-3A7E-49BB-91B9-1E213DFD34C4}.Release|x86.Build.0 = Release|Any CPU
		{63141932-1A70-43C5-892A-F8AFF12C7FDA}.Debug|Any CPU.ActiveCfg = Debug|Any CPU
		{63141932-1A70-43C5-892A-F8AFF12C7FDA}.Debug|Any CPU.Build.0 = Debug|Any CPU
		{63141932-1A70-43C5-892A-F8AFF12C7FDA}.Debug|Any CPU.Deploy.0 = Debug|Any CPU
		{63141932-1A70-43C5-892A-F8AFF12C7FDA}.Debug|ARM.ActiveCfg = Debug|Any CPU
		{63141932-1A70-43C5-892A-F8AFF12C7FDA}.Debug|ARM.Build.0 = Debug|Any CPU
		{63141932-1A70-43C5-892A-F8AFF12C7FDA}.Debug|ARM.Deploy.0 = Debug|Any CPU
		{63141932-1A70-43C5-892A-F8AFF12C7FDA}.Debug|iPhone.ActiveCfg = Debug|Any CPU
		{63141932-1A70-43C5-892A-F8AFF12C7FDA}.Debug|iPhone.Build.0 = Debug|Any CPU
		{63141932-1A70-43C5-892A-F8AFF12C7FDA}.Debug|iPhone.Deploy.0 = Debug|Any CPU
		{63141932-1A70-43C5-892A-F8AFF12C7FDA}.Debug|iPhoneSimulator.ActiveCfg = Debug|Any CPU
		{63141932-1A70-43C5-892A-F8AFF12C7FDA}.Debug|iPhoneSimulator.Build.0 = Debug|Any CPU
		{63141932-1A70-43C5-892A-F8AFF12C7FDA}.Debug|iPhoneSimulator.Deploy.0 = Debug|Any CPU
		{63141932-1A70-43C5-892A-F8AFF12C7FDA}.Debug|x64.ActiveCfg = Debug|Any CPU
		{63141932-1A70-43C5-892A-F8AFF12C7FDA}.Debug|x64.Build.0 = Debug|Any CPU
		{63141932-1A70-43C5-892A-F8AFF12C7FDA}.Debug|x64.Deploy.0 = Debug|Any CPU
		{63141932-1A70-43C5-892A-F8AFF12C7FDA}.Debug|x86.ActiveCfg = Debug|Any CPU
		{63141932-1A70-43C5-892A-F8AFF12C7FDA}.Debug|x86.Build.0 = Debug|Any CPU
		{63141932-1A70-43C5-892A-F8AFF12C7FDA}.Debug|x86.Deploy.0 = Debug|Any CPU
		{63141932-1A70-43C5-892A-F8AFF12C7FDA}.Release|Any CPU.ActiveCfg = Release|Any CPU
		{63141932-1A70-43C5-892A-F8AFF12C7FDA}.Release|Any CPU.Build.0 = Release|Any CPU
		{63141932-1A70-43C5-892A-F8AFF12C7FDA}.Release|Any CPU.Deploy.0 = Release|Any CPU
		{63141932-1A70-43C5-892A-F8AFF12C7FDA}.Release|ARM.ActiveCfg = Release|Any CPU
		{63141932-1A70-43C5-892A-F8AFF12C7FDA}.Release|ARM.Build.0 = Release|Any CPU
		{63141932-1A70-43C5-892A-F8AFF12C7FDA}.Release|ARM.Deploy.0 = Release|Any CPU
		{63141932-1A70-43C5-892A-F8AFF12C7FDA}.Release|iPhone.ActiveCfg = Release|Any CPU
		{63141932-1A70-43C5-892A-F8AFF12C7FDA}.Release|iPhone.Build.0 = Release|Any CPU
		{63141932-1A70-43C5-892A-F8AFF12C7FDA}.Release|iPhone.Deploy.0 = Release|Any CPU
		{63141932-1A70-43C5-892A-F8AFF12C7FDA}.Release|iPhoneSimulator.ActiveCfg = Release|Any CPU
		{63141932-1A70-43C5-892A-F8AFF12C7FDA}.Release|iPhoneSimulator.Build.0 = Release|Any CPU
		{63141932-1A70-43C5-892A-F8AFF12C7FDA}.Release|iPhoneSimulator.Deploy.0 = Release|Any CPU
		{63141932-1A70-43C5-892A-F8AFF12C7FDA}.Release|x64.ActiveCfg = Release|Any CPU
		{63141932-1A70-43C5-892A-F8AFF12C7FDA}.Release|x64.Build.0 = Release|Any CPU
		{63141932-1A70-43C5-892A-F8AFF12C7FDA}.Release|x64.Deploy.0 = Release|Any CPU
		{63141932-1A70-43C5-892A-F8AFF12C7FDA}.Release|x86.ActiveCfg = Release|Any CPU
		{63141932-1A70-43C5-892A-F8AFF12C7FDA}.Release|x86.Build.0 = Release|Any CPU
		{63141932-1A70-43C5-892A-F8AFF12C7FDA}.Release|x86.Deploy.0 = Release|Any CPU
		{CFF24E84-D140-4244-AFD8-6915D1E4FA15}.Debug|Any CPU.ActiveCfg = Debug|Any CPU
		{CFF24E84-D140-4244-AFD8-6915D1E4FA15}.Debug|Any CPU.Build.0 = Debug|Any CPU
		{CFF24E84-D140-4244-AFD8-6915D1E4FA15}.Debug|ARM.ActiveCfg = Debug|Any CPU
		{CFF24E84-D140-4244-AFD8-6915D1E4FA15}.Debug|ARM.Build.0 = Debug|Any CPU
		{CFF24E84-D140-4244-AFD8-6915D1E4FA15}.Debug|iPhone.ActiveCfg = Debug|Any CPU
		{CFF24E84-D140-4244-AFD8-6915D1E4FA15}.Debug|iPhone.Build.0 = Debug|Any CPU
		{CFF24E84-D140-4244-AFD8-6915D1E4FA15}.Debug|iPhoneSimulator.ActiveCfg = Debug|Any CPU
		{CFF24E84-D140-4244-AFD8-6915D1E4FA15}.Debug|iPhoneSimulator.Build.0 = Debug|Any CPU
		{CFF24E84-D140-4244-AFD8-6915D1E4FA15}.Debug|x64.ActiveCfg = Debug|Any CPU
		{CFF24E84-D140-4244-AFD8-6915D1E4FA15}.Debug|x64.Build.0 = Debug|Any CPU
		{CFF24E84-D140-4244-AFD8-6915D1E4FA15}.Debug|x86.ActiveCfg = Debug|Any CPU
		{CFF24E84-D140-4244-AFD8-6915D1E4FA15}.Debug|x86.Build.0 = Debug|Any CPU
		{CFF24E84-D140-4244-AFD8-6915D1E4FA15}.Release|Any CPU.ActiveCfg = Release|Any CPU
		{CFF24E84-D140-4244-AFD8-6915D1E4FA15}.Release|Any CPU.Build.0 = Release|Any CPU
		{CFF24E84-D140-4244-AFD8-6915D1E4FA15}.Release|ARM.ActiveCfg = Release|Any CPU
		{CFF24E84-D140-4244-AFD8-6915D1E4FA15}.Release|ARM.Build.0 = Release|Any CPU
		{CFF24E84-D140-4244-AFD8-6915D1E4FA15}.Release|iPhone.ActiveCfg = Release|Any CPU
		{CFF24E84-D140-4244-AFD8-6915D1E4FA15}.Release|iPhone.Build.0 = Release|Any CPU
		{CFF24E84-D140-4244-AFD8-6915D1E4FA15}.Release|iPhoneSimulator.ActiveCfg = Release|Any CPU
		{CFF24E84-D140-4244-AFD8-6915D1E4FA15}.Release|iPhoneSimulator.Build.0 = Release|Any CPU
		{CFF24E84-D140-4244-AFD8-6915D1E4FA15}.Release|x64.ActiveCfg = Release|Any CPU
		{CFF24E84-D140-4244-AFD8-6915D1E4FA15}.Release|x64.Build.0 = Release|Any CPU
		{CFF24E84-D140-4244-AFD8-6915D1E4FA15}.Release|x86.ActiveCfg = Release|Any CPU
		{CFF24E84-D140-4244-AFD8-6915D1E4FA15}.Release|x86.Build.0 = Release|Any CPU
		{FD6E39A9-DC2C-4A98-8BA4-F6D3EB02AAEC}.Debug|Any CPU.ActiveCfg = Debug|Any CPU
		{FD6E39A9-DC2C-4A98-8BA4-F6D3EB02AAEC}.Debug|Any CPU.Build.0 = Debug|Any CPU
		{FD6E39A9-DC2C-4A98-8BA4-F6D3EB02AAEC}.Debug|ARM.ActiveCfg = Debug|Any CPU
		{FD6E39A9-DC2C-4A98-8BA4-F6D3EB02AAEC}.Debug|ARM.Build.0 = Debug|Any CPU
		{FD6E39A9-DC2C-4A98-8BA4-F6D3EB02AAEC}.Debug|iPhone.ActiveCfg = Debug|Any CPU
		{FD6E39A9-DC2C-4A98-8BA4-F6D3EB02AAEC}.Debug|iPhone.Build.0 = Debug|Any CPU
		{FD6E39A9-DC2C-4A98-8BA4-F6D3EB02AAEC}.Debug|iPhoneSimulator.ActiveCfg = Debug|Any CPU
		{FD6E39A9-DC2C-4A98-8BA4-F6D3EB02AAEC}.Debug|iPhoneSimulator.Build.0 = Debug|Any CPU
		{FD6E39A9-DC2C-4A98-8BA4-F6D3EB02AAEC}.Debug|x64.ActiveCfg = Debug|Any CPU
		{FD6E39A9-DC2C-4A98-8BA4-F6D3EB02AAEC}.Debug|x64.Build.0 = Debug|Any CPU
		{FD6E39A9-DC2C-4A98-8BA4-F6D3EB02AAEC}.Debug|x86.ActiveCfg = Debug|Any CPU
		{FD6E39A9-DC2C-4A98-8BA4-F6D3EB02AAEC}.Debug|x86.Build.0 = Debug|Any CPU
		{FD6E39A9-DC2C-4A98-8BA4-F6D3EB02AAEC}.Release|Any CPU.ActiveCfg = Release|Any CPU
		{FD6E39A9-DC2C-4A98-8BA4-F6D3EB02AAEC}.Release|Any CPU.Build.0 = Release|Any CPU
		{FD6E39A9-DC2C-4A98-8BA4-F6D3EB02AAEC}.Release|ARM.ActiveCfg = Release|Any CPU
		{FD6E39A9-DC2C-4A98-8BA4-F6D3EB02AAEC}.Release|ARM.Build.0 = Release|Any CPU
		{FD6E39A9-DC2C-4A98-8BA4-F6D3EB02AAEC}.Release|iPhone.ActiveCfg = Release|Any CPU
		{FD6E39A9-DC2C-4A98-8BA4-F6D3EB02AAEC}.Release|iPhone.Build.0 = Release|Any CPU
		{FD6E39A9-DC2C-4A98-8BA4-F6D3EB02AAEC}.Release|iPhoneSimulator.ActiveCfg = Release|Any CPU
		{FD6E39A9-DC2C-4A98-8BA4-F6D3EB02AAEC}.Release|iPhoneSimulator.Build.0 = Release|Any CPU
		{FD6E39A9-DC2C-4A98-8BA4-F6D3EB02AAEC}.Release|x64.ActiveCfg = Release|Any CPU
		{FD6E39A9-DC2C-4A98-8BA4-F6D3EB02AAEC}.Release|x64.Build.0 = Release|Any CPU
		{FD6E39A9-DC2C-4A98-8BA4-F6D3EB02AAEC}.Release|x86.ActiveCfg = Release|Any CPU
		{FD6E39A9-DC2C-4A98-8BA4-F6D3EB02AAEC}.Release|x86.Build.0 = Release|Any CPU
	EndGlobalSection
	GlobalSection(SolutionProperties) = preSolution
		HideSolutionNode = FALSE
	EndGlobalSection
	GlobalSection(NestedProjects) = preSolution
		{B211C9C9-E125-47BE-8319-84D1AAA3C1DE} = {C91F5475-FB44-48F2-A316-2505803DFBD7}
		{1A989DCA-B19A-4B50-82D0-E3F0137B177B} = {C91F5475-FB44-48F2-A316-2505803DFBD7}
		{934E5726-F39D-4ABB-A306-623215681A36} = {C91F5475-FB44-48F2-A316-2505803DFBD7}
		{8FEA80A4-3A7E-49BB-91B9-1E213DFD34C4} = {C91F5475-FB44-48F2-A316-2505803DFBD7}
		{63141932-1A70-43C5-892A-F8AFF12C7FDA} = {C91F5475-FB44-48F2-A316-2505803DFBD7}
		{CFF24E84-D140-4244-AFD8-6915D1E4FA15} = {D63BE798-01D1-4F3B-87E1-DD737C496DD9}
		{FD6E39A9-DC2C-4A98-8BA4-F6D3EB02AAEC} = {D63BE798-01D1-4F3B-87E1-DD737C496DD9}
	EndGlobalSection
	GlobalSection(ExtensibilityGlobals) = postSolution
		SolutionGuid = {900226D5-0BA9-4C9D-B2C5-76385D5A8F81}
	EndGlobalSection
EndGlobal
