
Microsoft Visual Studio Solution File, Format Version 12.00
# Visual Studio Version 16
VisualStudioVersion = 16.0.29709.97
MinimumVisualStudioVersion = 10.0.40219.1
Project("{FAE04EC0-301F-11D3-BF4B-00C04F79EFBC}") = "XFInAppBilling", "XFInAppBilling\XFInAppBilling.csproj", "{876211E4-4B82-4C15-8FC1-EBA4880BA694}"
EndProject
Global
	GlobalSection(SolutionConfigurationPlatforms) = preSolution
		Debug|Any CPU = Debug|Any CPU
		Release|Any CPU = Release|Any CPU
	EndGlobalSection
	GlobalSection(ProjectConfigurationPlatforms) = postSolution
		{876211E4-4B82-4C15-8FC1-EBA4880BA694}.Debug|Any CPU.ActiveCfg = Debug|Any CPU
		{876211E4-4B82-4C15-8FC1-EBA4880BA694}.Debug|Any CPU.Build.0 = Debug|Any CPU
		{876211E4-4B82-4C15-8FC1-EBA4880BA694}.Release|Any CPU.ActiveCfg = Release|Any CPU
		{876211E4-4B82-4C15-8FC1-EBA4880BA694}.Release|Any CPU.Build.0 = Release|Any CPU
	EndGlobalSection
	GlobalSection(SolutionProperties) = preSolution
		HideSolutionNode = FALSE
	EndGlobalSection
	GlobalSection(ExtensibilityGlobals) = postSolution
		SolutionGuid = {900226D5-0BA9-4C9D-B2C5-76385D5A8F81}
	EndGlobalSection
EndGlobal
